
Microsoft Visual Studio Solution File, Format Version 12.00
# Visual Studio Version 16
VisualStudioVersion = 16.0.31911.196
MinimumVisualStudioVersion = 10.0.40219.1
Project("{FAE04EC0-301F-11D3-BF4B-00C04F79EFBC}") = "WacMobile.Android", "WacMobile.Android\WacMobile.Android.csproj", "{DC7D8B06-321B-42F4-8AC1-1A60E08C13C1}"
EndProject
Project("{9A19103F-16F7-4668-BE54-9A1E7A4F7556}") = "WacMobile", "WacMobile\WacMobile.csproj", "{E820BE14-7115-411C-99EB-50A1C9EBB1A4}"
EndProject
Project("{9A19103F-16F7-4668-BE54-9A1E7A4F7556}") = "WitWebAPI", "WitWebAPI\WitWebAPI.csproj", "{1AC7340B-091A-4EFA-B1CF-6C64E83CBC0A}"
EndProject
Project("{FAE04EC0-301F-11D3-BF4B-00C04F79EFBC}") = "WacMobileModels", "WacMobileModels\WacMobileModels.csproj", "{43DD7A20-C78D-4DF7-B594-790BA9E86422}"
EndProject
Global
	GlobalSection(SolutionConfigurationPlatforms) = preSolution
		Debug|Any CPU = Debug|Any CPU
		Release|Any CPU = Release|Any CPU
	EndGlobalSection
	GlobalSection(ProjectConfigurationPlatforms) = postSolution
		{DC7D8B06-321B-42F4-8AC1-1A60E08C13C1}.Debug|Any CPU.ActiveCfg = Debug|Any CPU
		{DC7D8B06-321B-42F4-8AC1-1A60E08C13C1}.Debug|Any CPU.Build.0 = Debug|Any CPU
		{DC7D8B06-321B-42F4-8AC1-1A60E08C13C1}.Debug|Any CPU.Deploy.0 = Debug|Any CPU
		{DC7D8B06-321B-42F4-8AC1-1A60E08C13C1}.Release|Any CPU.ActiveCfg = Release|Any CPU
		{DC7D8B06-321B-42F4-8AC1-1A60E08C13C1}.Release|Any CPU.Build.0 = Release|Any CPU
		{DC7D8B06-321B-42F4-8AC1-1A60E08C13C1}.Release|Any CPU.Deploy.0 = Release|Any CPU
		{E820BE14-7115-411C-99EB-50A1C9EBB1A4}.Debug|Any CPU.ActiveCfg = Debug|Any CPU
		{E820BE14-7115-411C-99EB-50A1C9EBB1A4}.Debug|Any CPU.Build.0 = Debug|Any CPU
		{E820BE14-7115-411C-99EB-50A1C9EBB1A4}.Debug|Any CPU.Deploy.0 = Debug|Any CPU
		{E820BE14-7115-411C-99EB-50A1C9EBB1A4}.Release|Any CPU.ActiveCfg = Release|Any CPU
		{E820BE14-7115-411C-99EB-50A1C9EBB1A4}.Release|Any CPU.Build.0 = Release|Any CPU
		{E820BE14-7115-411C-99EB-50A1C9EBB1A4}.Release|Any CPU.Deploy.0 = Release|Any CPU
		{1AC7340B-091A-4EFA-B1CF-6C64E83CBC0A}.Debug|Any CPU.ActiveCfg = Debug|Any CPU
		{1AC7340B-091A-4EFA-B1CF-6C64E83CBC0A}.Debug|Any CPU.Build.0 = Debug|Any CPU
		{1AC7340B-091A-4EFA-B1CF-6C64E83CBC0A}.Release|Any CPU.ActiveCfg = Release|Any CPU
		{1AC7340B-091A-4EFA-B1CF-6C64E83CBC0A}.Release|Any CPU.Build.0 = Release|Any CPU
		{43DD7A20-C78D-4DF7-B594-790BA9E86422}.Debug|Any CPU.ActiveCfg = Debug|Any CPU
		{43DD7A20-C78D-4DF7-B594-790BA9E86422}.Debug|Any CPU.Build.0 = Debug|Any CPU
		{43DD7A20-C78D-4DF7-B594-790BA9E86422}.Release|Any CPU.ActiveCfg = Release|Any CPU
		{43DD7A20-C78D-4DF7-B594-790BA9E86422}.Release|Any CPU.Build.0 = Release|Any CPU
	EndGlobalSection
	GlobalSection(SolutionProperties) = preSolution
		HideSolutionNode = FALSE
	EndGlobalSection
	GlobalSection(ExtensibilityGlobals) = postSolution
		SolutionGuid = {CBB230B0-AC44-4A84-83B0-AB189F07CC2F}
	EndGlobalSection
EndGlobal
